
Microsoft Visual Studio Solution File, Format Version 12.00
# Visual Studio Version 17
VisualStudioVersion = 17.5.33516.290
MinimumVisualStudioVersion = 10.0.40219.1
Project("{FAE04EC0-301F-11D3-BF4B-00C04F79EFBC}") = "SensorTemperature.API", "SensorTemperature.API\SensorTemperature.API.csproj", "{31929860-0CD0-4FB4-98DF-565F87506CF5}"
EndProject
Global
	GlobalSection(SolutionConfigurationPlatforms) = preSolution
		Debug|Any CPU = Debug|Any CPU
		Release|Any CPU = Release|Any CPU
	EndGlobalSection
	GlobalSection(ProjectConfigurationPlatforms) = postSolution
		{31929860-0CD0-4FB4-98DF-565F87506CF5}.Debug|Any CPU.ActiveCfg = Debug|Any CPU
		{31929860-0CD0-4FB4-98DF-565F87506CF5}.Debug|Any CPU.Build.0 = Debug|Any CPU
		{31929860-0CD0-4FB4-98DF-565F87506CF5}.Release|Any CPU.ActiveCfg = Release|Any CPU
		{31929860-0CD0-4FB4-98DF-565F87506CF5}.Release|Any CPU.Build.0 = Release|Any CPU
	EndGlobalSection
	GlobalSection(SolutionProperties) = preSolution
		HideSolutionNode = FALSE
	EndGlobalSection
	GlobalSection(ExtensibilityGlobals) = postSolution
		SolutionGuid = {56492DC9-EACF-4D20-9D0D-114EA592D0C4}
	EndGlobalSection
EndGlobal
